<Solution>
  <Folder Name="/src/">
    <Project Path="src/BubiBoy.App/BubiBoy.App.fsproj" />
    <Project Path="src/BubiBoy.Audio/BubiBoy.Audio.fsproj" />
    <Project Path="src/BubiBoy.Core/BubiBoy.Core.fsproj" />
    <Project Path="src/BubiBoy.IO/BubiBoy.IO.fsproj" />
  </Folder>
  <Folder Name="/tests/">
    <Project Path="tests/BubiBoy.Core.Tests/BubiBoy.Core.Tests.fsproj" />
  </Folder>
  <Folder Name="/tools/">
    <Project Path="tools/BubiBoy.RomSmoke/BubiBoy.RomSmoke.fsproj" />
  </Folder>
</Solution>
